# THIS IS AN AUTOGENERATED FILE. DO NOT EDIT THIS FILE DIRECTLY.
# yarn lockfile v1


"@babel/runtime@^7.21.0":
  version "7.23.9"
  resolved "https://registry.yarnpkg.com/@babel/runtime/-/runtime-7.23.9.tgz#47791a15e4603bb5f905bc0753801cf21d6345f7"
  integrity sha512-0CX6F+BI2s9dkUqr08KFrAIZgNFj75rdBU/DjCyYLIaV/quFjkk6T+EJ2LkZHyZTbEV4L5p97mNkUsHl2wLFAw==
  dependencies:
    regenerator-runtime "^0.14.0"

"@esbuild/aix-ppc64@0.19.12":
  version "0.19.12"
  resolved "https://registry.yarnpkg.com/@esbuild/aix-ppc64/-/aix-ppc64-0.19.12.tgz#d1bc06aedb6936b3b6d313bf809a5a40387d2b7f"
  integrity sha512-bmoCYyWdEL3wDQIVbcyzRyeKLgk2WtWLTWz1ZIAZF/EGbNOwSA6ew3PftJ1PqMiOOGu0OyFMzG53L0zqIpPeNA==

"@esbuild/android-arm64@0.19.12":
  version "0.19.12"
  resolved "https://registry.yarnpkg.com/@esbuild/android-arm64/-/android-arm64-0.19.12.tgz#7ad65a36cfdb7e0d429c353e00f680d737c2aed4"
  integrity sha512-P0UVNGIienjZv3f5zq0DP3Nt2IE/3plFzuaS96vihvD0Hd6H/q4WXUGpCxD/E8YrSXfNyRPbpTq+T8ZQioSuPA==

"@esbuild/android-arm@0.19.12":
  version "0.19.12"
  resolved "https://registry.yarnpkg.com/@esbuild/android-arm/-/android-arm-0.19.12.tgz#b0c26536f37776162ca8bde25e42040c203f2824"
  integrity sha512-qg/Lj1mu3CdQlDEEiWrlC4eaPZ1KztwGJ9B6J+/6G+/4ewxJg7gqj8eVYWvao1bXrqGiW2rsBZFSX3q2lcW05w==

"@esbuild/android-x64@0.19.12":
  version "0.19.12"
  resolved "https://registry.yarnpkg.com/@esbuild/android-x64/-/android-x64-0.19.12.tgz#cb13e2211282012194d89bf3bfe7721273473b3d"
  integrity sha512-3k7ZoUW6Q6YqhdhIaq/WZ7HwBpnFBlW905Fa4s4qWJyiNOgT1dOqDiVAQFwBH7gBRZr17gLrlFCRzF6jFh7Kew==

"@esbuild/darwin-arm64@0.19.12":
  version "0.19.12"
  resolved "https://registry.yarnpkg.com/@esbuild/darwin-arm64/-/darwin-arm64-0.19.12.tgz#cbee41e988020d4b516e9d9e44dd29200996275e"
  integrity sha512-B6IeSgZgtEzGC42jsI+YYu9Z3HKRxp8ZT3cqhvliEHovq8HSX2YX8lNocDn79gCKJXOSaEot9MVYky7AKjCs8g==

"@esbuild/darwin-x64@0.19.12":
  version "0.19.12"
  resolved "https://registry.yarnpkg.com/@esbuild/darwin-x64/-/darwin-x64-0.19.12.tgz#e37d9633246d52aecf491ee916ece709f9d5f4cd"
  integrity sha512-hKoVkKzFiToTgn+41qGhsUJXFlIjxI/jSYeZf3ugemDYZldIXIxhvwN6erJGlX4t5h417iFuheZ7l+YVn05N3A==

"@esbuild/freebsd-arm64@0.19.12":
  version "0.19.12"
  resolved "https://registry.yarnpkg.com/@esbuild/freebsd-arm64/-/freebsd-arm64-0.19.12.tgz#1ee4d8b682ed363b08af74d1ea2b2b4dbba76487"
  integrity sha512-4aRvFIXmwAcDBw9AueDQ2YnGmz5L6obe5kmPT8Vd+/+x/JMVKCgdcRwH6APrbpNXsPz+K653Qg8HB/oXvXVukA==

"@esbuild/freebsd-x64@0.19.12":
  version "0.19.12"
  resolved "https://registry.yarnpkg.com/@esbuild/freebsd-x64/-/freebsd-x64-0.19.12.tgz#37a693553d42ff77cd7126764b535fb6cc28a11c"
  integrity sha512-EYoXZ4d8xtBoVN7CEwWY2IN4ho76xjYXqSXMNccFSx2lgqOG/1TBPW0yPx1bJZk94qu3tX0fycJeeQsKovA8gg==

"@esbuild/linux-arm64@0.19.12":
  version "0.19.12"
  resolved "https://registry.yarnpkg.com/@esbuild/linux-arm64/-/linux-arm64-0.19.12.tgz#be9b145985ec6c57470e0e051d887b09dddb2d4b"
  integrity sha512-EoTjyYyLuVPfdPLsGVVVC8a0p1BFFvtpQDB/YLEhaXyf/5bczaGeN15QkR+O4S5LeJ92Tqotve7i1jn35qwvdA==

"@esbuild/linux-arm@0.19.12":
  version "0.19.12"
  resolved "https://registry.yarnpkg.com/@esbuild/linux-arm/-/linux-arm-0.19.12.tgz#207ecd982a8db95f7b5279207d0ff2331acf5eef"
  integrity sha512-J5jPms//KhSNv+LO1S1TX1UWp1ucM6N6XuL6ITdKWElCu8wXP72l9MM0zDTzzeikVyqFE6U8YAV9/tFyj0ti+w==

"@esbuild/linux-ia32@0.19.12":
  version "0.19.12"
  resolved "https://registry.yarnpkg.com/@esbuild/linux-ia32/-/linux-ia32-0.19.12.tgz#d0d86b5ca1562523dc284a6723293a52d5860601"
  integrity sha512-Thsa42rrP1+UIGaWz47uydHSBOgTUnwBwNq59khgIwktK6x60Hivfbux9iNR0eHCHzOLjLMLfUMLCypBkZXMHA==

"@esbuild/linux-loong64@0.19.12":
  version "0.19.12"
  resolved "https://registry.yarnpkg.com/@esbuild/linux-loong64/-/linux-loong64-0.19.12.tgz#9a37f87fec4b8408e682b528391fa22afd952299"
  integrity sha512-LiXdXA0s3IqRRjm6rV6XaWATScKAXjI4R4LoDlvO7+yQqFdlr1Bax62sRwkVvRIrwXxvtYEHHI4dm50jAXkuAA==

"@esbuild/linux-mips64el@0.19.12":
  version "0.19.12"
  resolved "https://registry.yarnpkg.com/@esbuild/linux-mips64el/-/linux-mips64el-0.19.12.tgz#4ddebd4e6eeba20b509d8e74c8e30d8ace0b89ec"
  integrity sha512-fEnAuj5VGTanfJ07ff0gOA6IPsvrVHLVb6Lyd1g2/ed67oU1eFzL0r9WL7ZzscD+/N6i3dWumGE1Un4f7Amf+w==

"@esbuild/linux-ppc64@0.19.12":
  version "0.19.12"
  resolved "https://registry.yarnpkg.com/@esbuild/linux-ppc64/-/linux-ppc64-0.19.12.tgz#adb67dadb73656849f63cd522f5ecb351dd8dee8"
  integrity sha512-nYJA2/QPimDQOh1rKWedNOe3Gfc8PabU7HT3iXWtNUbRzXS9+vgB0Fjaqr//XNbd82mCxHzik2qotuI89cfixg==

"@esbuild/linux-riscv64@0.19.12":
  version "0.19.12"
  resolved "https://registry.yarnpkg.com/@esbuild/linux-riscv64/-/linux-riscv64-0.19.12.tgz#11bc0698bf0a2abf8727f1c7ace2112612c15adf"
  integrity sha512-2MueBrlPQCw5dVJJpQdUYgeqIzDQgw3QtiAHUC4RBz9FXPrskyyU3VI1hw7C0BSKB9OduwSJ79FTCqtGMWqJHg==

"@esbuild/linux-s390x@0.19.12":
  version "0.19.12"
  resolved "https://registry.yarnpkg.com/@esbuild/linux-s390x/-/linux-s390x-0.19.12.tgz#e86fb8ffba7c5c92ba91fc3b27ed5a70196c3cc8"
  integrity sha512-+Pil1Nv3Umes4m3AZKqA2anfhJiVmNCYkPchwFJNEJN5QxmTs1uzyy4TvmDrCRNT2ApwSari7ZIgrPeUx4UZDg==

"@esbuild/linux-x64@0.19.12":
  version "0.19.12"
  resolved "https://registry.yarnpkg.com/@esbuild/linux-x64/-/linux-x64-0.19.12.tgz#5f37cfdc705aea687dfe5dfbec086a05acfe9c78"
  integrity sha512-B71g1QpxfwBvNrfyJdVDexenDIt1CiDN1TIXLbhOw0KhJzE78KIFGX6OJ9MrtC0oOqMWf+0xop4qEU8JrJTwCg==

"@esbuild/netbsd-x64@0.19.12":
  version "0.19.12"
  resolved "https://registry.yarnpkg.com/@esbuild/netbsd-x64/-/netbsd-x64-0.19.12.tgz#29da566a75324e0d0dd7e47519ba2f7ef168657b"
  integrity sha512-3ltjQ7n1owJgFbuC61Oj++XhtzmymoCihNFgT84UAmJnxJfm4sYCiSLTXZtE00VWYpPMYc+ZQmB6xbSdVh0JWA==

"@esbuild/openbsd-x64@0.19.12":
  version "0.19.12"
  resolved "https://registry.yarnpkg.com/@esbuild/openbsd-x64/-/openbsd-x64-0.19.12.tgz#306c0acbdb5a99c95be98bdd1d47c916e7dc3ff0"
  integrity sha512-RbrfTB9SWsr0kWmb9srfF+L933uMDdu9BIzdA7os2t0TXhCRjrQyCeOt6wVxr79CKD4c+p+YhCj31HBkYcXebw==

"@esbuild/sunos-x64@0.19.12":
  version "0.19.12"
  resolved "https://registry.yarnpkg.com/@esbuild/sunos-x64/-/sunos-x64-0.19.12.tgz#0933eaab9af8b9b2c930236f62aae3fc593faf30"
  integrity sha512-HKjJwRrW8uWtCQnQOz9qcU3mUZhTUQvi56Q8DPTLLB+DawoiQdjsYq+j+D3s9I8VFtDr+F9CjgXKKC4ss89IeA==

"@esbuild/win32-arm64@0.19.12":
  version "0.19.12"
  resolved "https://registry.yarnpkg.com/@esbuild/win32-arm64/-/win32-arm64-0.19.12.tgz#773bdbaa1971b36db2f6560088639ccd1e6773ae"
  integrity sha512-URgtR1dJnmGvX864pn1B2YUYNzjmXkuJOIqG2HdU62MVS4EHpU2946OZoTMnRUHklGtJdJZ33QfzdjGACXhn1A==

"@esbuild/win32-ia32@0.19.12":
  version "0.19.12"
  resolved "https://registry.yarnpkg.com/@esbuild/win32-ia32/-/win32-ia32-0.19.12.tgz#000516cad06354cc84a73f0943a4aa690ef6fd67"
  integrity sha512-+ZOE6pUkMOJfmxmBZElNOx72NKpIa/HFOMGzu8fqzQJ5kgf6aTGrcJaFsNiVMH4JKpMipyK+7k0n2UXN7a8YKQ==

"@esbuild/win32-x64@0.19.12":
  version "0.19.12"
  resolved "https://registry.yarnpkg.com/@esbuild/win32-x64/-/win32-x64-0.19.12.tgz#c57c8afbb4054a3ab8317591a0b7320360b444ae"
  integrity sha512-T1QyPSDCyMXaO3pzBkF96E8xMkiRYbUEZADd29SyPGabqxMViNoii+NcK7eWJAEoU6RZyEm5lVSIjTmcdoB9HA==

"@rollup/rollup-android-arm-eabi@4.12.0":
  version "4.12.0"
  resolved "https://registry.yarnpkg.com/@rollup/rollup-android-arm-eabi/-/rollup-android-arm-eabi-4.12.0.tgz#38c3abd1955a3c21d492af6b1a1dca4bb1d894d6"
  integrity sha512-+ac02NL/2TCKRrJu2wffk1kZ+RyqxVUlbjSagNgPm94frxtr+XDL12E5Ll1enWskLrtrZ2r8L3wED1orIibV/w==

"@rollup/rollup-android-arm64@4.12.0":
  version "4.12.0"
  resolved "https://registry.yarnpkg.com/@rollup/rollup-android-arm64/-/rollup-android-arm64-4.12.0.tgz#3822e929f415627609e53b11cec9a4be806de0e2"
  integrity sha512-OBqcX2BMe6nvjQ0Nyp7cC90cnumt8PXmO7Dp3gfAju/6YwG0Tj74z1vKrfRz7qAv23nBcYM8BCbhrsWqO7PzQQ==

"@rollup/rollup-darwin-arm64@4.12.0":
  version "4.12.0"
  resolved "https://registry.yarnpkg.com/@rollup/rollup-darwin-arm64/-/rollup-darwin-arm64-4.12.0.tgz#6c082de71f481f57df6cfa3701ab2a7afde96f69"
  integrity sha512-X64tZd8dRE/QTrBIEs63kaOBG0b5GVEd3ccoLtyf6IdXtHdh8h+I56C2yC3PtC9Ucnv0CpNFJLqKFVgCYe0lOQ==

"@rollup/rollup-darwin-x64@4.12.0":
  version "4.12.0"
  resolved "https://registry.yarnpkg.com/@rollup/rollup-darwin-x64/-/rollup-darwin-x64-4.12.0.tgz#c34ca0d31f3c46a22c9afa0e944403eea0edcfd8"
  integrity sha512-cc71KUZoVbUJmGP2cOuiZ9HSOP14AzBAThn3OU+9LcA1+IUqswJyR1cAJj3Mg55HbjZP6OLAIscbQsQLrpgTOg==

"@rollup/rollup-linux-arm-gnueabihf@4.12.0":
  version "4.12.0"
  resolved "https://registry.yarnpkg.com/@rollup/rollup-linux-arm-gnueabihf/-/rollup-linux-arm-gnueabihf-4.12.0.tgz#48e899c1e438629c072889b824a98787a7c2362d"
  integrity sha512-a6w/Y3hyyO6GlpKL2xJ4IOh/7d+APaqLYdMf86xnczU3nurFTaVN9s9jOXQg97BE4nYm/7Ga51rjec5nfRdrvA==

"@rollup/rollup-linux-arm64-gnu@4.12.0":
  version "4.12.0"
  resolved "https://registry.yarnpkg.com/@rollup/rollup-linux-arm64-gnu/-/rollup-linux-arm64-gnu-4.12.0.tgz#788c2698a119dc229062d40da6ada8a090a73a68"
  integrity sha512-0fZBq27b+D7Ar5CQMofVN8sggOVhEtzFUwOwPppQt0k+VR+7UHMZZY4y+64WJ06XOhBTKXtQB/Sv0NwQMXyNAA==

"@rollup/rollup-linux-arm64-musl@4.12.0":
  version "4.12.0"
  resolved "https://registry.yarnpkg.com/@rollup/rollup-linux-arm64-musl/-/rollup-linux-arm64-musl-4.12.0.tgz#3882a4e3a564af9e55804beeb67076857b035ab7"
  integrity sha512-eTvzUS3hhhlgeAv6bfigekzWZjaEX9xP9HhxB0Dvrdbkk5w/b+1Sxct2ZuDxNJKzsRStSq1EaEkVSEe7A7ipgQ==

"@rollup/rollup-linux-riscv64-gnu@4.12.0":
  version "4.12.0"
  resolved "https://registry.yarnpkg.com/@rollup/rollup-linux-riscv64-gnu/-/rollup-linux-riscv64-gnu-4.12.0.tgz#0c6ad792e1195c12bfae634425a3d2aa0fe93ab7"
  integrity sha512-ix+qAB9qmrCRiaO71VFfY8rkiAZJL8zQRXveS27HS+pKdjwUfEhqo2+YF2oI+H/22Xsiski+qqwIBxVewLK7sw==

"@rollup/rollup-linux-x64-gnu@4.12.0":
  version "4.12.0"
  resolved "https://registry.yarnpkg.com/@rollup/rollup-linux-x64-gnu/-/rollup-linux-x64-gnu-4.12.0.tgz#9d62485ea0f18d8674033b57aa14fb758f6ec6e3"
  integrity sha512-TenQhZVOtw/3qKOPa7d+QgkeM6xY0LtwzR8OplmyL5LrgTWIXpTQg2Q2ycBf8jm+SFW2Wt/DTn1gf7nFp3ssVA==

"@rollup/rollup-linux-x64-musl@4.12.0":
  version "4.12.0"
  resolved "https://registry.yarnpkg.com/@rollup/rollup-linux-x64-musl/-/rollup-linux-x64-musl-4.12.0.tgz#50e8167e28b33c977c1f813def2b2074d1435e05"
  integrity sha512-LfFdRhNnW0zdMvdCb5FNuWlls2WbbSridJvxOvYWgSBOYZtgBfW9UGNJG//rwMqTX1xQE9BAodvMH9tAusKDUw==

"@rollup/rollup-win32-arm64-msvc@4.12.0":
  version "4.12.0"
  resolved "https://registry.yarnpkg.com/@rollup/rollup-win32-arm64-msvc/-/rollup-win32-arm64-msvc-4.12.0.tgz#68d233272a2004429124494121a42c4aebdc5b8e"
  integrity sha512-JPDxovheWNp6d7AHCgsUlkuCKvtu3RB55iNEkaQcf0ttsDU/JZF+iQnYcQJSk/7PtT4mjjVG8N1kpwnI9SLYaw==

"@rollup/rollup-win32-ia32-msvc@4.12.0":
  version "4.12.0"
  resolved "https://registry.yarnpkg.com/@rollup/rollup-win32-ia32-msvc/-/rollup-win32-ia32-msvc-4.12.0.tgz#366ca62221d1689e3b55a03f4ae12ae9ba595d40"
  integrity sha512-fjtuvMWRGJn1oZacG8IPnzIV6GF2/XG+h71FKn76OYFqySXInJtseAqdprVTDTyqPxQOG9Exak5/E9Z3+EJ8ZA==

"@rollup/rollup-win32-x64-msvc@4.12.0":
  version "4.12.0"
  resolved "https://registry.yarnpkg.com/@rollup/rollup-win32-x64-msvc/-/rollup-win32-x64-msvc-4.12.0.tgz#9ffdf9ed133a7464f4ae187eb9e1294413fab235"
  integrity sha512-ZYmr5mS2wd4Dew/JjT0Fqi2NPB/ZhZ2VvPp7SmvPZb4Y1CG/LRcS6tcRo2cYU7zLK5A7cdbhWnnWmUjoI4qapg==

"@swc/core-darwin-arm64@1.4.2":
  version "1.4.2"
  resolved "https://registry.yarnpkg.com/@swc/core-darwin-arm64/-/core-darwin-arm64-1.4.2.tgz#3b5677c5b9c5a7a91d953b96cd603c94064e2835"
  integrity sha512-1uSdAn1MRK5C1m/TvLZ2RDvr0zLvochgrZ2xL+lRzugLlCTlSA+Q4TWtrZaOz+vnnFVliCpw7c7qu0JouhgQIw==

"@swc/core-darwin-x64@1.4.2":
  version "1.4.2"
  resolved "https://registry.yarnpkg.com/@swc/core-darwin-x64/-/core-darwin-x64-1.4.2.tgz#bbc8bbf420389b12541151255a50f319cc17ef96"
  integrity sha512-TYD28+dCQKeuxxcy7gLJUCFLqrwDZnHtC2z7cdeGfZpbI2mbfppfTf2wUPzqZk3gEC96zHd4Yr37V3Tvzar+lQ==

"@swc/core-linux-arm-gnueabihf@1.4.2":
  version "1.4.2"
  resolved "https://registry.yarnpkg.com/@swc/core-linux-arm-gnueabihf/-/core-linux-arm-gnueabihf-1.4.2.tgz#aa9a18f130820717df08c9dd882043fc47e8d35a"
  integrity sha512-Eyqipf7ZPGj0vplKHo8JUOoU1un2sg5PjJMpEesX0k+6HKE2T8pdyeyXODN0YTFqzndSa/J43EEPXm+rHAsLFQ==

"@swc/core-linux-arm64-gnu@1.4.2":
  version "1.4.2"
  resolved "https://registry.yarnpkg.com/@swc/core-linux-arm64-gnu/-/core-linux-arm64-gnu-1.4.2.tgz#5ef1de0ca7cc3a034aa3a1c3c1794b78e6ca207e"
  integrity sha512-wZn02DH8VYPv3FC0ub4my52Rttsus/rFw+UUfzdb3tHMHXB66LqN+rR0ssIOZrH6K+VLN6qpTw9VizjyoH0BxA==

"@swc/core-linux-arm64-musl@1.4.2":
  version "1.4.2"
  resolved "https://registry.yarnpkg.com/@swc/core-linux-arm64-musl/-/core-linux-arm64-musl-1.4.2.tgz#5dfd2a8c0483770a307de0ccb6019a082ff0d902"
  integrity sha512-3G0D5z9hUj9bXNcwmA1eGiFTwe5rWkuL3DsoviTj73TKLpk7u64ND0XjEfO0huVv4vVu9H1jodrKb7nvln/dlw==

"@swc/core-linux-x64-gnu@1.4.2":
  version "1.4.2"
  resolved "https://registry.yarnpkg.com/@swc/core-linux-x64-gnu/-/core-linux-x64-gnu-1.4.2.tgz#314aa76b7c1208e315e3156ab57b7188fb605bc2"
  integrity sha512-LFxn9U8cjmYHw3jrdPNqPAkBGglKE3tCZ8rA7hYyp0BFxuo7L2ZcEnPm4RFpmSCCsExFH+LEJWuMGgWERoktvg==

"@swc/core-linux-x64-musl@1.4.2":
  version "1.4.2"
  resolved "https://registry.yarnpkg.com/@swc/core-linux-x64-musl/-/core-linux-x64-musl-1.4.2.tgz#b2b226657f6a8d48f561cb3dbe2d414cfbafe467"
  integrity sha512-dp0fAmreeVVYTUcb4u9njTPrYzKnbIH0EhH2qvC9GOYNNREUu2GezSIDgonjOXkHiTCvopG4xU7y56XtXj4VrQ==

"@swc/core-win32-arm64-msvc@1.4.2":
  version "1.4.2"
  resolved "https://registry.yarnpkg.com/@swc/core-win32-arm64-msvc/-/core-win32-arm64-msvc-1.4.2.tgz#582f79fa328ce0f426ab8313b3d881e7315fab2f"
  integrity sha512-HlVIiLMQkzthAdqMslQhDkoXJ5+AOLUSTV6fm6shFKZKqc/9cJvr4S8UveNERL9zUficA36yM3bbfo36McwnvQ==

"@swc/core-win32-ia32-msvc@1.4.2":
  version "1.4.2"
  resolved "https://registry.yarnpkg.com/@swc/core-win32-ia32-msvc/-/core-win32-ia32-msvc-1.4.2.tgz#15c8289e1c18857f79b9b888100ab1f871bf58f6"
  integrity sha512-WCF8faPGjCl4oIgugkp+kL9nl3nUATlzKXCEGFowMEmVVCFM0GsqlmGdPp1pjZoWc9tpYanoXQDnp5IvlDSLhA==

"@swc/core-win32-x64-msvc@1.4.2":
  version "1.4.2"
  resolved "https://registry.yarnpkg.com/@swc/core-win32-x64-msvc/-/core-win32-x64-msvc-1.4.2.tgz#c999ca7b68124d058b40a1431cdd6f56779670d5"
  integrity sha512-oV71rwiSpA5xre2C5570BhCsg1HF97SNLsZ/12xv7zayGzqr3yvFALFJN8tHKpqUdCB4FGPjoP3JFdV3i+1wUw==

"@swc/core@^1.3.107":
  version "1.4.2"
  resolved "https://registry.yarnpkg.com/@swc/core/-/core-1.4.2.tgz#310b0d5e93e47ca72f54150c8f9efcb434c39b17"
  integrity sha512-vWgY07R/eqj1/a0vsRKLI9o9klGZfpLNOVEnrv4nrccxBgYPjcf22IWwAoaBJ+wpA7Q4fVjCUM8lP0m01dpxcg==
  dependencies:
    "@swc/counter" "^0.1.2"
    "@swc/types" "^0.1.5"
  optionalDependencies:
    "@swc/core-darwin-arm64" "1.4.2"
    "@swc/core-darwin-x64" "1.4.2"
    "@swc/core-linux-arm-gnueabihf" "1.4.2"
    "@swc/core-linux-arm64-gnu" "1.4.2"
    "@swc/core-linux-arm64-musl" "1.4.2"
    "@swc/core-linux-x64-gnu" "1.4.2"
    "@swc/core-linux-x64-musl" "1.4.2"
    "@swc/core-win32-arm64-msvc" "1.4.2"
    "@swc/core-win32-ia32-msvc" "1.4.2"
    "@swc/core-win32-x64-msvc" "1.4.2"

"@swc/counter@^0.1.2":
  version "0.1.3"
  resolved "https://registry.yarnpkg.com/@swc/counter/-/counter-0.1.3.tgz#cc7463bd02949611c6329596fccd2b0ec782b0e9"
  integrity sha512-e2BR4lsJkkRlKZ/qCHPw9ZaSxc0MVUd7gtbtaB7aMvHeJVYe8sOB8DBZkP2DtISHGSku9sCK6T6cnY0CtXrOCQ==

"@swc/types@^0.1.5":
  version "0.1.5"
  resolved "https://registry.yarnpkg.com/@swc/types/-/types-0.1.5.tgz#043b731d4f56a79b4897a3de1af35e75d56bc63a"
  integrity sha512-myfUej5naTBWnqOCc/MdVOLVjXUXtIA+NpDrDBKJtLLg2shUjBu3cZmB/85RyitKc55+lUUyl7oRfLOvkr2hsw==

"@types/estree@1.0.5":
  version "1.0.5"
  resolved "https://registry.yarnpkg.com/@types/estree/-/estree-1.0.5.tgz#a6ce3e556e00fd9895dd872dd172ad0d4bd687f4"
  integrity sha512-/kYRxGDLWzHOB7q+wtSUQlFrtcdUccpfy+X+9iMBpHK8QLLhx2wIPYuS5DYtR9Wa/YlZAbIovy7qVdB1Aq6Lyw==

"@types/node@^20.11.20":
  version "20.11.20"
  resolved "https://registry.yarnpkg.com/@types/node/-/node-20.11.20.tgz#f0a2aee575215149a62784210ad88b3a34843659"
  integrity sha512-7/rR21OS+fq8IyHTgtLkDK949uzsa6n8BkziAKtPVpugIkO6D+/ooXMvzXxDnZrmtXVfjb1bKQafYpb8s89LOg==
  dependencies:
    undici-types "~5.26.4"

"@types/prop-types@*":
  version "15.7.11"
  resolved "https://registry.yarnpkg.com/@types/prop-types/-/prop-types-15.7.11.tgz#2596fb352ee96a1379c657734d4b913a613ad563"
  integrity sha512-ga8y9v9uyeiLdpKddhxYQkxNDrfvuPrlFb0N1qnZZByvcElJaXthF1UhvCh9TLWJBEHeNtdnbysW7Y6Uq8CVng==

"@types/react-dom@^18.2.19":
  version "18.2.19"
  resolved "https://registry.yarnpkg.com/@types/react-dom/-/react-dom-18.2.19.tgz#b84b7c30c635a6c26c6a6dfbb599b2da9788be58"
  integrity sha512-aZvQL6uUbIJpjZk4U8JZGbau9KDeAwMfmhyWorxgBkqDIEf6ROjRozcmPIicqsUwPUjbkDfHKgGee1Lq65APcA==
  dependencies:
    "@types/react" "*"

"@types/react@*", "@types/react@^18.2.58":
  version "18.2.58"
  resolved "https://registry.yarnpkg.com/@types/react/-/react-18.2.58.tgz#22082d12898d11806f4a1aefb5583116a047493d"
  integrity sha512-TaGvMNhxvG2Q0K0aYxiKfNDS5m5ZsoIBBbtfUorxdH4NGSXIlYvZxLJI+9Dd3KjeB3780bciLyAb7ylO8pLhPw==
  dependencies:
    "@types/prop-types" "*"
    "@types/scheduler" "*"
    csstype "^3.0.2"

"@types/scheduler@*":
  version "0.16.8"
  resolved "https://registry.yarnpkg.com/@types/scheduler/-/scheduler-0.16.8.tgz#ce5ace04cfeabe7ef87c0091e50752e36707deff"
  integrity sha512-WZLiwShhwLRmeV6zH+GkbOFT6Z6VklCItrDioxUnv+u4Ll+8vKeFySoFyK/0ctcRpOmwAicELfmys1sDc/Rw+A==

"@vitejs/plugin-react-swc@^3.6.0":
  version "3.6.0"
  resolved "https://registry.yarnpkg.com/@vitejs/plugin-react-swc/-/plugin-react-swc-3.6.0.tgz#dc9cd1363baf3780f3ad3e0a12a46a3ffe0c7526"
  integrity sha512-XFRbsGgpGxGzEV5i5+vRiro1bwcIaZDIdBRP16qwm+jP68ue/S8FJTBEgOeojtVDYrbSua3XFp71kC8VJE6v+g==
  dependencies:
    "@swc/core" "^1.3.107"

ansi-regex@^5.0.1:
  version "5.0.1"
  resolved "https://registry.yarnpkg.com/ansi-regex/-/ansi-regex-5.0.1.tgz#082cb2c89c9fe8659a311a53bd6a4dc5301db304"
  integrity sha512-quJQXlTSUGL2LH9SUXo8VwsY4soanhgo6LNSm84E1LBcE8s3O0wpdiRzyR9z/ZZJMlMWv37qOOb9pdJlMUEKFQ==

ansi-styles@^4.0.0, ansi-styles@^4.1.0:
  version "4.3.0"
  resolved "https://registry.yarnpkg.com/ansi-styles/-/ansi-styles-4.3.0.tgz#edd803628ae71c04c85ae7a0906edad34b648937"
  integrity sha512-zbB9rCJAT1rbjiVDb2hqKFHNYLxgtk8NURxZ3IZwD3F6NtxbXZQCnnSi1Lkx+IDohdPlFp222wVALIheZJQSEg==
  dependencies:
    color-convert "^2.0.1"

chalk@^4.1.2:
  version "4.1.2"
  resolved "https://registry.yarnpkg.com/chalk/-/chalk-4.1.2.tgz#aac4e2b7734a740867aeb16bf02aad556a1e7a01"
  integrity sha512-oKnbhFyRIXpUuez8iBMmyEa4nbj4IOQyuhc/wy9kY7/WVPcwIO9VA668Pu8RkO7+0G76SLROeyw9CpQ061i4mA==
  dependencies:
    ansi-styles "^4.1.0"
    supports-color "^7.1.0"

cliui@^8.0.1:
  version "8.0.1"
  resolved "https://registry.yarnpkg.com/cliui/-/cliui-8.0.1.tgz#0c04b075db02cbfe60dc8e6cf2f5486b1a3608aa"
  integrity sha512-BSeNnyus75C4//NQ9gQt1/csTXyo/8Sb+afLAkzAptFuMsod9HFokGNudZpi/oQV73hnVK+sR+5PVRMd+Dr7YQ==
  dependencies:
    string-width "^4.2.0"
    strip-ansi "^6.0.1"
    wrap-ansi "^7.0.0"

color-convert@^2.0.1:
  version "2.0.1"
  resolved "https://registry.yarnpkg.com/color-convert/-/color-convert-2.0.1.tgz#72d3a68d598c9bdb3af2ad1e84f21d896abd4de3"
  integrity sha512-RRECPsj7iu/xb5oKYcsFHSppFNnsj/52OVTRKb4zP5onXwVF3zVmmToNcOfGC+CRDpfK/U584fMg38ZHCaElKQ==
  dependencies:
    color-name "~1.1.4"

color-name@~1.1.4:
  version "1.1.4"
  resolved "https://registry.yarnpkg.com/color-name/-/color-name-1.1.4.tgz#c2a09a87acbde69543de6f63fa3995c826c536a2"
  integrity sha512-dOy+3AuW3a2wNbZHIuMZpTcgjGuLU/uBL/ubcZF9OXbDo8ff4O8yVp5Bf0efS8uEoYo5q4Fx7dY9OgQGXgAsQA==

concurrently@^8.2.2:
  version "8.2.2"
  resolved "https://registry.yarnpkg.com/concurrently/-/concurrently-8.2.2.tgz#353141985c198cfa5e4a3ef90082c336b5851784"
  integrity sha512-1dP4gpXFhei8IOtlXRE/T/4H88ElHgTiUzh71YUmtjTEHMSRS2Z/fgOxHSxxusGHogsRfxNq1vyAwxSC+EVyDg==
  dependencies:
    chalk "^4.1.2"
    date-fns "^2.30.0"
    lodash "^4.17.21"
    rxjs "^7.8.1"
    shell-quote "^1.8.1"
    spawn-command "0.0.2"
    supports-color "^8.1.1"
    tree-kill "^1.2.2"
    yargs "^17.7.2"

cross-spawn@^7.0.3:
  version "7.0.3"
  resolved "https://registry.yarnpkg.com/cross-spawn/-/cross-spawn-7.0.3.tgz#f73a85b9d5d41d045551c177e2882d4ac85728a6"
  integrity sha512-iRDPJKUPVEND7dHPO8rkbOnPpyDygcDFtWjpeWNCgy8WP2rXcxXL8TskReQl6OrB2G7+UJrags1q15Fudc7G6w==
  dependencies:
    path-key "^3.1.0"
    shebang-command "^2.0.0"
    which "^2.0.1"

csstype@^3.0.2:
  version "3.1.3"
  resolved "https://registry.yarnpkg.com/csstype/-/csstype-3.1.3.tgz#d80ff294d114fb0e6ac500fbf85b60137d7eff81"
  integrity sha512-M1uQkMl8rQK/szD0LNhtqxIPLpimGm8sOBwU7lLnCpSbTyY3yeU1Vc7l4KT5zT4s/yOxHH5O7tIuuLOCnLADRw==

date-fns@^2.30.0:
  version "2.30.0"
  resolved "https://registry.yarnpkg.com/date-fns/-/date-fns-2.30.0.tgz#f367e644839ff57894ec6ac480de40cae4b0f4d0"
  integrity sha512-fnULvOpxnC5/Vg3NCiWelDsLiUc9bRwAPs/+LfTLNvetFCtCTN+yQz15C/fs4AwX1R9K5GLtLfn8QW+dWisaAw==
  dependencies:
    "@babel/runtime" "^7.21.0"

dotenv-cli@^7.3.0:
  version "7.3.0"
  resolved "https://registry.yarnpkg.com/dotenv-cli/-/dotenv-cli-7.3.0.tgz#21e33e7944713001677658d68856063968edfbd2"
  integrity sha512-314CA4TyK34YEJ6ntBf80eUY+t1XaFLyem1k9P0sX1gn30qThZ5qZr/ZwE318gEnzyYP9yj9HJk6SqwE0upkfw==
  dependencies:
    cross-spawn "^7.0.3"
    dotenv "^16.3.0"
    dotenv-expand "^10.0.0"
    minimist "^1.2.6"

dotenv-expand@^10.0.0:
  version "10.0.0"
  resolved "https://registry.yarnpkg.com/dotenv-expand/-/dotenv-expand-10.0.0.tgz#12605d00fb0af6d0a592e6558585784032e4ef37"
  integrity sha512-GopVGCpVS1UKH75VKHGuQFqS1Gusej0z4FyQkPdwjil2gNIv+LNsqBlboOzpJFZKVT95GkCyWJbBSdFEFUWI2A==

dotenv@^16.3.0:
  version "16.4.5"
  resolved "https://registry.yarnpkg.com/dotenv/-/dotenv-16.4.5.tgz#cdd3b3b604cb327e286b4762e13502f717cb099f"
  integrity sha512-ZmdL2rui+eB2YwhsWzjInR8LldtZHGDoQ1ugH85ppHKwpUHL7j7rN0Ti9NCnGiQbhaZ11FpR+7ao1dNsmduNUg==

emoji-regex@^8.0.0:
  version "8.0.0"
  resolved "https://registry.yarnpkg.com/emoji-regex/-/emoji-regex-8.0.0.tgz#e818fd69ce5ccfcb404594f842963bf53164cc37"
  integrity sha512-MSjYzcWNOA0ewAHpz0MxpYFvwg6yjy1NG3xteoqz644VCo/RPgnr1/GGt+ic3iJTzQ8Eu3TdM14SawnVUmGE6A==

esbuild@^0.19.3:
  version "0.19.12"
  resolved "https://registry.yarnpkg.com/esbuild/-/esbuild-0.19.12.tgz#dc82ee5dc79e82f5a5c3b4323a2a641827db3e04"
  integrity sha512-aARqgq8roFBj054KvQr5f1sFu0D65G+miZRCuJyJ0G13Zwx7vRar5Zhn2tkQNzIXcBrNVsv/8stehpj+GAjgbg==
  optionalDependencies:
    "@esbuild/aix-ppc64" "0.19.12"
    "@esbuild/android-arm" "0.19.12"
    "@esbuild/android-arm64" "0.19.12"
    "@esbuild/android-x64" "0.19.12"
    "@esbuild/darwin-arm64" "0.19.12"
    "@esbuild/darwin-x64" "0.19.12"
    "@esbuild/freebsd-arm64" "0.19.12"
    "@esbuild/freebsd-x64" "0.19.12"
    "@esbuild/linux-arm" "0.19.12"
    "@esbuild/linux-arm64" "0.19.12"
    "@esbuild/linux-ia32" "0.19.12"
    "@esbuild/linux-loong64" "0.19.12"
    "@esbuild/linux-mips64el" "0.19.12"
    "@esbuild/linux-ppc64" "0.19.12"
    "@esbuild/linux-riscv64" "0.19.12"
    "@esbuild/linux-s390x" "0.19.12"
    "@esbuild/linux-x64" "0.19.12"
    "@esbuild/netbsd-x64" "0.19.12"
    "@esbuild/openbsd-x64" "0.19.12"
    "@esbuild/sunos-x64" "0.19.12"
    "@esbuild/win32-arm64" "0.19.12"
    "@esbuild/win32-ia32" "0.19.12"
    "@esbuild/win32-x64" "0.19.12"

escalade@^3.1.1:
  version "3.1.2"
  resolved "https://registry.yarnpkg.com/escalade/-/escalade-3.1.2.tgz#54076e9ab29ea5bf3d8f1ed62acffbb88272df27"
  integrity sha512-ErCHMCae19vR8vQGe50xIsVomy19rg6gFu3+r3jkEO46suLMWBksvVyoGgQV+jOfl84ZSOSlmv6Gxa89PmTGmA==

fsevents@~2.3.2, fsevents@~2.3.3:
  version "2.3.3"
  resolved "https://registry.yarnpkg.com/fsevents/-/fsevents-2.3.3.tgz#cac6407785d03675a2a5e1a5305c697b347d90d6"
  integrity sha512-5xoDfX+fL7faATnagmWPpbFtwh/R77WmMMqqHGS65C3vvB0YHrgF+B1YmZ3441tMj5n63k0212XNoJwzlhffQw==

get-caller-file@^2.0.5:
  version "2.0.5"
  resolved "https://registry.yarnpkg.com/get-caller-file/-/get-caller-file-2.0.5.tgz#4f94412a82db32f36e3b0b9741f8a97feb031f7e"
  integrity sha512-DyFP3BM/3YHTQOCUL/w0OZHR0lpKeGrxotcHWcqNEdnltqFwXVfhEBQ94eIo34AfQpo0rGki4cyIiftY06h2Fg==

has-flag@^4.0.0:
  version "4.0.0"
  resolved "https://registry.yarnpkg.com/has-flag/-/has-flag-4.0.0.tgz#944771fd9c81c81265c4d6941860da06bb59479b"
  integrity sha512-EykJT/Q1KjTWctppgIAgfSO0tKVuZUjhgMr17kqTumMl6Afv3EISleU7qZUzoXDFTAHTDC4NOoG/ZxU3EvlMPQ==

is-fullwidth-code-point@^3.0.0:
  version "3.0.0"
  resolved "https://registry.yarnpkg.com/is-fullwidth-code-point/-/is-fullwidth-code-point-3.0.0.tgz#f116f8064fe90b3f7844a38997c0b75051269f1d"
  integrity sha512-zymm5+u+sCsSWyD9qNaejV3DFvhCKclKdizYaJUuHA83RLjb7nSuGnddCHGv0hk+KY7BMAlsWeK4Ueg6EV6XQg==

isexe@^2.0.0:
  version "2.0.0"
  resolved "https://registry.yarnpkg.com/isexe/-/isexe-2.0.0.tgz#e8fbf374dc556ff8947a10dcb0572d633f2cfa10"
  integrity sha512-RHxMLp9lnKHGHRng9QFhRCMbYAcVpn69smSGcq3f36xjgVVWThj4qqLbTLlq7Ssj8B+fIQ1EuCEGI2lKsyQeIw==

"js-tokens@^3.0.0 || ^4.0.0":
  version "4.0.0"
  resolved "https://registry.yarnpkg.com/js-tokens/-/js-tokens-4.0.0.tgz#19203fb59991df98e3a287050d4647cdeaf32499"
  integrity sha512-RdJUflcE3cUzKiMqQgsCu06FPu9UdIJO0beYbPhHN4k6apgJtifcoCtT9bcxOpYBtpD2kCM6Sbzg4CausW/PKQ==

lodash@^4.17.21:
  version "4.17.21"
  resolved "https://registry.yarnpkg.com/lodash/-/lodash-4.17.21.tgz#679591c564c3bffaae8454cf0b3df370c3d6911c"
  integrity sha512-v2kDEe57lecTulaDIuNTPy3Ry4gLGJ6Z1O3vE1krgXZNrsQ+LFTGHVxVjcXPs17LhbZVGedAJv8XZ1tvj5FvSg==

loose-envify@^1.1.0:
  version "1.4.0"
  resolved "https://registry.yarnpkg.com/loose-envify/-/loose-envify-1.4.0.tgz#71ee51fa7be4caec1a63839f7e682d8132d30caf"
  integrity sha512-lyuxPGr/Wfhrlem2CL/UcnUc1zcqKAImBDzukY7Y5F/yQiNdko6+fRLevlw1HgMySw7f611UIY408EtxRSoK3Q==
  dependencies:
    js-tokens "^3.0.0 || ^4.0.0"

minimist@^1.2.6:
  version "1.2.8"
  resolved "https://registry.yarnpkg.com/minimist/-/minimist-1.2.8.tgz#c1a464e7693302e082a075cee0c057741ac4772c"
  integrity sha512-2yyAR8qBkN3YuheJanUpWC5U3bb5osDywNB8RzDVlDwDHbocAJveqqj1u8+SVD7jkWT4yvsHCpWqqWqAxb0zCA==

nanoid@^3.3.7:
  version "3.3.7"
  resolved "https://registry.yarnpkg.com/nanoid/-/nanoid-3.3.7.tgz#d0c301a691bc8d54efa0a2226ccf3fe2fd656bd8"
  integrity sha512-eSRppjcPIatRIMC1U6UngP8XFcz8MQWGQdt1MTBQ7NaAmvXDfvNxbvWV3x2y6CdEUciCSsDHDQZbhYaB8QEo2g==

path-key@^3.1.0:
  version "3.1.1"
  resolved "https://registry.yarnpkg.com/path-key/-/path-key-3.1.1.tgz#581f6ade658cbba65a0d3380de7753295054f375"
  integrity sha512-ojmeN0qd+y0jszEtoY48r0Peq5dwMEkIlCOu6Q5f41lfkswXuKtYrhgoTpLnyIcHm24Uhqx+5Tqm2InSwLhE6Q==

picocolors@^1.0.0:
  version "1.0.0"
  resolved "https://registry.yarnpkg.com/picocolors/-/picocolors-1.0.0.tgz#cb5bdc74ff3f51892236eaf79d68bc44564ab81c"
  integrity sha512-1fygroTLlHu66zi26VoTDv8yRgm0Fccecssto+MhsZ0D/DGW2sm8E8AjW7NU5VVTRt5GxbeZ5qBuJr+HyLYkjQ==

postcss@^8.4.35:
  version "8.4.35"
  resolved "https://registry.yarnpkg.com/postcss/-/postcss-8.4.35.tgz#60997775689ce09011edf083a549cea44aabe2f7"
  integrity sha512-u5U8qYpBCpN13BsiEB0CbR1Hhh4Gc0zLFuedrHJKMctHCHAGrMdG0PRM/KErzAL3CU6/eckEtmHNB3x6e3c0vA==
  dependencies:
    nanoid "^3.3.7"
    picocolors "^1.0.0"
    source-map-js "^1.0.2"

react-dom@^18.2.0:
  version "18.2.0"
  resolved "https://registry.yarnpkg.com/react-dom/-/react-dom-18.2.0.tgz#22aaf38708db2674ed9ada224ca4aa708d821e3d"
  integrity sha512-6IMTriUmvsjHUjNtEDudZfuDQUoWXVxKHhlEGSk81n4YFS+r/Kl99wXiwlVXtPBtJenozv2P+hxDsw9eA7Xo6g==
  dependencies:
    loose-envify "^1.1.0"
    scheduler "^0.23.0"

react@^18.2.0:
  version "18.2.0"
  resolved "https://registry.yarnpkg.com/react/-/react-18.2.0.tgz#555bd98592883255fa00de14f1151a917b5d77d5"
  integrity sha512-/3IjMdb2L9QbBdWiW5e3P2/npwMBaU9mHCSCUzNln0ZCYbcfTsGbTJrU/kGemdH2IWmB2ioZ+zkxtmq6g09fGQ==
  dependencies:
    loose-envify "^1.1.0"

regenerator-runtime@^0.14.0:
  version "0.14.1"
  resolved "https://registry.yarnpkg.com/regenerator-runtime/-/regenerator-runtime-0.14.1.tgz#356ade10263f685dda125100cd862c1db895327f"
  integrity sha512-dYnhHh0nJoMfnkZs6GmmhFknAGRrLznOu5nc9ML+EJxGvrx6H7teuevqVqCuPcPK//3eDrrjQhehXVx9cnkGdw==

require-directory@^2.1.1:
  version "2.1.1"
  resolved "https://registry.yarnpkg.com/require-directory/-/require-directory-2.1.1.tgz#8c64ad5fd30dab1c976e2344ffe7f792a6a6df42"
  integrity sha512-fGxEI7+wsG9xrvdjsrlmL22OMTTiHRwAMroiEeMgq8gzoLC/PQr7RsRDSTLUg/bZAZtF+TVIkHc6/4RIKrui+Q==

rollup@^4.2.0:
  version "4.12.0"
  resolved "https://registry.yarnpkg.com/rollup/-/rollup-4.12.0.tgz#0b6d1e5f3d46bbcf244deec41a7421dc54cc45b5"
  integrity sha512-wz66wn4t1OHIJw3+XU7mJJQV/2NAfw5OAk6G6Hoo3zcvz/XOfQ52Vgi+AN4Uxoxi0KBBwk2g8zPrTDA4btSB/Q==
  dependencies:
    "@types/estree" "1.0.5"
  optionalDependencies:
    "@rollup/rollup-android-arm-eabi" "4.12.0"
    "@rollup/rollup-android-arm64" "4.12.0"
    "@rollup/rollup-darwin-arm64" "4.12.0"
    "@rollup/rollup-darwin-x64" "4.12.0"
    "@rollup/rollup-linux-arm-gnueabihf" "4.12.0"
    "@rollup/rollup-linux-arm64-gnu" "4.12.0"
    "@rollup/rollup-linux-arm64-musl" "4.12.0"
    "@rollup/rollup-linux-riscv64-gnu" "4.12.0"
    "@rollup/rollup-linux-x64-gnu" "4.12.0"
    "@rollup/rollup-linux-x64-musl" "4.12.0"
    "@rollup/rollup-win32-arm64-msvc" "4.12.0"
    "@rollup/rollup-win32-ia32-msvc" "4.12.0"
    "@rollup/rollup-win32-x64-msvc" "4.12.0"
    fsevents "~2.3.2"

rxjs@^7.8.1:
  version "7.8.1"
  resolved "https://registry.yarnpkg.com/rxjs/-/rxjs-7.8.1.tgz#6f6f3d99ea8044291efd92e7c7fcf562c4057543"
  integrity sha512-AA3TVj+0A2iuIoQkWEK/tqFjBq2j+6PO6Y0zJcvzLAFhEFIO3HL0vls9hWLncZbAAbK0mar7oZ4V079I/qPMxg==
  dependencies:
    tslib "^2.1.0"

scheduler@^0.23.0:
  version "0.23.0"
  resolved "https://registry.yarnpkg.com/scheduler/-/scheduler-0.23.0.tgz#ba8041afc3d30eb206a487b6b384002e4e61fdfe"
  integrity sha512-CtuThmgHNg7zIZWAXi3AsyIzA3n4xx7aNyjwC2VJldO2LMVDhFK+63xGqq6CsJH4rTAt6/M+N4GhZiDYPx9eUw==
  dependencies:
    loose-envify "^1.1.0"

shebang-command@^2.0.0:
  version "2.0.0"
  resolved "https://registry.yarnpkg.com/shebang-command/-/shebang-command-2.0.0.tgz#ccd0af4f8835fbdc265b82461aaf0c36663f34ea"
  integrity sha512-kHxr2zZpYtdmrN1qDjrrX/Z1rR1kG8Dx+gkpK1G4eXmvXswmcE1hTWBWYUzlraYw1/yZp6YuDY77YtvbN0dmDA==
  dependencies:
    shebang-regex "^3.0.0"

shebang-regex@^3.0.0:
  version "3.0.0"
  resolved "https://registry.yarnpkg.com/shebang-regex/-/shebang-regex-3.0.0.tgz#ae16f1644d873ecad843b0307b143362d4c42172"
  integrity sha512-7++dFhtcx3353uBaq8DDR4NuxBetBzC7ZQOhmTQInHEd6bSrXdiEyzCvG07Z44UYdLShWUyXt5M/yhz8ekcb1A==

shell-quote@^1.8.1:
  version "1.8.1"
  resolved "https://registry.yarnpkg.com/shell-quote/-/shell-quote-1.8.1.tgz#6dbf4db75515ad5bac63b4f1894c3a154c766680"
  integrity sha512-6j1W9l1iAs/4xYBI1SYOVZyFcCis9b4KCLQ8fgAGG07QvzaRLVVRQvAy85yNmmZSjYjg4MWh4gNvlPujU/5LpA==

source-map-js@^1.0.2:
  version "1.0.2"
  resolved "https://registry.yarnpkg.com/source-map-js/-/source-map-js-1.0.2.tgz#adbc361d9c62df380125e7f161f71c826f1e490c"
  integrity sha512-R0XvVJ9WusLiqTCEiGCmICCMplcCkIwwR11mOSD9CR5u+IXYdiseeEuXCVAjS54zqwkLcPNnmU4OeJ6tUrWhDw==

spawn-command@0.0.2:
  version "0.0.2"
  resolved "https://registry.yarnpkg.com/spawn-command/-/spawn-command-0.0.2.tgz#9544e1a43ca045f8531aac1a48cb29bdae62338e"
  integrity sha512-zC8zGoGkmc8J9ndvml8Xksr1Amk9qBujgbF0JAIWO7kXr43w0h/0GJNM/Vustixu+YE8N/MTrQ7N31FvHUACxQ==

string-width@^4.1.0, string-width@^4.2.0, string-width@^4.2.3:
  version "4.2.3"
  resolved "https://registry.yarnpkg.com/string-width/-/string-width-4.2.3.tgz#269c7117d27b05ad2e536830a8ec895ef9c6d010"
  integrity sha512-wKyQRQpjJ0sIp62ErSZdGsjMJWsap5oRNihHhu6G7JVO/9jIB6UyevL+tXuOqrng8j/cxKTWyWUwvSTriiZz/g==
  dependencies:
    emoji-regex "^8.0.0"
    is-fullwidth-code-point "^3.0.0"
    strip-ansi "^6.0.1"

strip-ansi@^6.0.0, strip-ansi@^6.0.1:
  version "6.0.1"
  resolved "https://registry.yarnpkg.com/strip-ansi/-/strip-ansi-6.0.1.tgz#9e26c63d30f53443e9489495b2105d37b67a85d9"
  integrity sha512-Y38VPSHcqkFrCpFnQ9vuSXmquuv5oXOKpGeT6aGrr3o3Gc9AlVa6JBfUSOCnbxGGZF+/0ooI7KrPuUSztUdU5A==
  dependencies:
    ansi-regex "^5.0.1"

supports-color@^7.1.0:
  version "7.2.0"
  resolved "https://registry.yarnpkg.com/supports-color/-/supports-color-7.2.0.tgz#1b7dcdcb32b8138801b3e478ba6a51caa89648da"
  integrity sha512-qpCAvRl9stuOHveKsn7HncJRvv501qIacKzQlO/+Lwxc9+0q2wLyv4Dfvt80/DPn2pqOBsJdDiogXGR9+OvwRw==
  dependencies:
    has-flag "^4.0.0"

supports-color@^8.1.1:
  version "8.1.1"
  resolved "https://registry.yarnpkg.com/supports-color/-/supports-color-8.1.1.tgz#cd6fc17e28500cff56c1b86c0a7fd4a54a73005c"
  integrity sha512-MpUEN2OodtUzxvKQl72cUF7RQ5EiHsGvSsVG0ia9c5RbWGL2CI4C7EpPS8UTBIplnlzZiNuV56w+FuNxy3ty2Q==
  dependencies:
    has-flag "^4.0.0"

tree-kill@^1.2.2:
  version "1.2.2"
  resolved "https://registry.yarnpkg.com/tree-kill/-/tree-kill-1.2.2.tgz#4ca09a9092c88b73a7cdc5e8a01b507b0790a0cc"
  integrity sha512-L0Orpi8qGpRG//Nd+H90vFB+3iHnue1zSSGmNOOCh1GLJ7rUKVwV2HvijphGQS2UmhUZewS9VgvxYIdgr+fG1A==

tslib@^2.1.0:
  version "2.6.2"
  resolved "https://registry.yarnpkg.com/tslib/-/tslib-2.6.2.tgz#703ac29425e7b37cd6fd456e92404d46d1f3e4ae"
  integrity sha512-AEYxH93jGFPn/a2iVAwW87VuUIkR1FVUKB77NwMF7nBTDkDrrT/Hpt/IrCJ0QXhW27jTBDcf5ZY7w6RiqTMw2Q==

turbo-darwin-64@1.12.4:
  version "1.12.4"
  resolved "https://registry.yarnpkg.com/turbo-darwin-64/-/turbo-darwin-64-1.12.4.tgz#c03061dcf3e9fb6e530b7c5be035e44627015af7"
  integrity sha512-dBwFxhp9isTa9RS/fz2gDVk5wWhKQsPQMozYhjM7TT4jTrnYn0ZJMzr7V3B/M/T8QF65TbniW7w1gtgxQgX5Zg==

turbo-darwin-arm64@1.12.4:
  version "1.12.4"
  resolved "https://registry.yarnpkg.com/turbo-darwin-arm64/-/turbo-darwin-arm64-1.12.4.tgz#5a10367004077fb7874717f4ddc47b2f66f74cfb"
  integrity sha512-1Uo5iI6xsJ1j9ObsqxYRsa3W26mEbUe6fnj4rQYV6kDaqYD54oAMJ6hM53q9rB8JvFxwdrUXGp3PwTw9A0qqkA==

turbo-linux-64@1.12.4:
  version "1.12.4"
  resolved "https://registry.yarnpkg.com/turbo-linux-64/-/turbo-linux-64-1.12.4.tgz#22af551b152634a162a13c4a14af28816b383fc9"
  integrity sha512-ONg2aSqKP7LAQOg7ysmU5WpEQp4DGNxSlAiR7um+LKtbmC/UxogbR5+T+Uuq6zGuQ5kJyKjWJ4NhtvUswOqBsA==

turbo-linux-arm64@1.12.4:
  version "1.12.4"
  resolved "https://registry.yarnpkg.com/turbo-linux-arm64/-/turbo-linux-arm64-1.12.4.tgz#f13fb4da0e9fd968ccc0b807df643913ee8fab50"
  integrity sha512-9FPufkwdgfIKg/9jj87Cdtftw8o36y27/S2vLN7FTR2pp9c0MQiTBOLVYadUr1FlShupddmaMbTkXEhyt9SdrA==

turbo-windows-64@1.12.4:
  version "1.12.4"
  resolved "https://registry.yarnpkg.com/turbo-windows-64/-/turbo-windows-64-1.12.4.tgz#9b72a5082f6db8f995f409226220982ee90661f7"
  integrity sha512-2mOtxHW5Vjh/5rDVu/aFwsMzI+chs8XcEuJHlY1sYOpEymYTz+u6AXbnzRvwZFMrLKr7J7fQOGl+v96sLKbNdA==

turbo-windows-arm64@1.12.4:
  version "1.12.4"
  resolved "https://registry.yarnpkg.com/turbo-windows-arm64/-/turbo-windows-arm64-1.12.4.tgz#e7058885e18705c625436acebcd66fda3dd506d5"
  integrity sha512-nOY5wae9qnxPOpT1fRuYO0ks6dTwpKMPV6++VkDkamFDLFHUDVM/9kmD2UTeh1yyrKnrZksbb9zmShhmfj1wog==

turbo@^1.12.4:
  version "1.12.4"
  resolved "https://registry.yarnpkg.com/turbo/-/turbo-1.12.4.tgz#c3ba81871eba9ec87ac86af9e6270857726da9cb"
  integrity sha512-yUJ7elEUSToiGwFZogXpYKJpQ0BvaMbkEuQECIWtkBLcmWzlMOt6bActsIm29oN83mRU0WbzGt4e8H1KHWedhg==
  optionalDependencies:
    turbo-darwin-64 "1.12.4"
    turbo-darwin-arm64 "1.12.4"
    turbo-linux-64 "1.12.4"
    turbo-linux-arm64 "1.12.4"
    turbo-windows-64 "1.12.4"
    turbo-windows-arm64 "1.12.4"

typescript@^5.3.3:
  version "5.3.3"
  resolved "https://registry.yarnpkg.com/typescript/-/typescript-5.3.3.tgz#b3ce6ba258e72e6305ba66f5c9b452aaee3ffe37"
  integrity sha512-pXWcraxM0uxAS+tN0AG/BF2TyqmHO014Z070UsJ+pFvYuRSq8KH8DmWpnbXe0pEPDHXZV3FcAbJkijJ5oNEnWw==

undici-types@~5.26.4:
  version "5.26.5"
  resolved "https://registry.yarnpkg.com/undici-types/-/undici-types-5.26.5.tgz#bcd539893d00b56e964fd2657a4866b221a65617"
  integrity sha512-JlCMO+ehdEIKqlFxk6IfVoAUVmgz7cU7zD/h9XZ0qzeosSHmUJVOzSQvvYSYWXkFXC+IfLKSIffhv0sVZup6pA==

vite@^5.1.4:
  version "5.1.4"
  resolved "https://registry.yarnpkg.com/vite/-/vite-5.1.4.tgz#14e9d3e7a6e488f36284ef13cebe149f060bcfb6"
  integrity sha512-n+MPqzq+d9nMVTKyewqw6kSt+R3CkvF9QAKY8obiQn8g1fwTscKxyfaYnC632HtBXAQGc1Yjomphwn1dtwGAHg==
  dependencies:
    esbuild "^0.19.3"
    postcss "^8.4.35"
    rollup "^4.2.0"
  optionalDependencies:
    fsevents "~2.3.3"

which@^2.0.1:
  version "2.0.2"
  resolved "https://registry.yarnpkg.com/which/-/which-2.0.2.tgz#7c6a8dd0a636a0327e10b59c9286eee93f3f51b1"
  integrity sha512-BLI3Tl1TW3Pvl70l3yq3Y64i+awpwXqsGBYWkkqMtnbXgrMD+yj7rhW0kuEDxzJaYXGjEW5ogapKNMEKNMjibA==
  dependencies:
    isexe "^2.0.0"

wrap-ansi@^7.0.0:
  version "7.0.0"
  resolved "https://registry.yarnpkg.com/wrap-ansi/-/wrap-ansi-7.0.0.tgz#67e145cff510a6a6984bdf1152911d69d2eb9e43"
  integrity sha512-YVGIj2kamLSTxw6NsZjoBxfSwsn0ycdesmc4p+Q21c5zPuZ1pl+NfxVdxPtdHvmNVOQ6XSYG4AUtyt/Fi7D16Q==
  dependencies:
    ansi-styles "^4.0.0"
    string-width "^4.1.0"
    strip-ansi "^6.0.0"

y18n@^5.0.5:
  version "5.0.8"
  resolved "https://registry.yarnpkg.com/y18n/-/y18n-5.0.8.tgz#7f4934d0f7ca8c56f95314939ddcd2dd91ce1d55"
  integrity sha512-0pfFzegeDWJHJIAmTLRP2DwHjdF5s7jo9tuztdQxAhINCdvS+3nGINqPd00AphqJR/0LhANUS6/+7SCb98YOfA==

yargs-parser@^21.1.1:
  version "21.1.1"
  resolved "https://registry.yarnpkg.com/yargs-parser/-/yargs-parser-21.1.1.tgz#9096bceebf990d21bb31fa9516e0ede294a77d35"
  integrity sha512-tVpsJW7DdjecAiFpbIB1e3qxIQsE6NoPc5/eTdrbbIC4h0LVsWhnoa3g+m2HclBIujHzsxZ4VJVA+GUuc2/LBw==

yargs@^17.7.2:
  version "17.7.2"
  resolved "https://registry.yarnpkg.com/yargs/-/yargs-17.7.2.tgz#991df39aca675a192b816e1e0363f9d75d2aa269"
  integrity sha512-7dSzzRQ++CKnNI/krKnYRV7JKKPUXMEh61soaHKg9mrWEhzFWhFnxPxGl+69cD1Ou63C13NUPCnmIcrvqCuM6w==
  dependencies:
    cliui "^8.0.1"
    escalade "^3.1.1"
    get-caller-file "^2.0.5"
    require-directory "^2.1.1"
    string-width "^4.2.3"
    y18n "^5.0.5"
    yargs-parser "^21.1.1"
